// !$*UTF8*$!
{
	archiveVersion = 1;
	classes = {
	};
	objectVersion = 50;
	objects = {

/* Begin PBXBuildFile section */
		4B8BBE3C8B72C85056B91DFB /* libPods-fmdbDemoTests.a in Frameworks */ = {isa = PBXBuildFile; fileRef = A39C52CDEA06ECA7BFAEC050 /* libPods-fmdbDemoTests.a */; };
		92099C2EE6EB33CB8F8B8ECA /* libPods-fmdbDemoUITests.a in Frameworks */ = {isa = PBXBuildFile; fileRef = 4113B4DD3EB1070E333D7C76 /* libPods-fmdbDemoUITests.a */; };
		D148D46E233B4E8000D9E933 /* YBItem.m in Sources */ = {isa = PBXBuildFile; fileRef = D148D46D233B4E8000D9E933 /* YBItem.m */; };
		D148D474233B4F1400D9E933 /* YBSchool.m in Sources */ = {isa = PBXBuildFile; fileRef = D148D473233B4F1400D9E933 /* YBSchool.m */; };
		D148D477233B4F2400D9E933 /* YBClass.m in Sources */ = {isa = PBXBuildFile; fileRef = D148D476233B4F2400D9E933 /* YBClass.m */; };
		D148D47A233B4F2E00D9E933 /* YBStudent.m in Sources */ = {isa = PBXBuildFile; fileRef = D148D479233B4F2E00D9E933 /* YBStudent.m */; };
		D148D47E233B538B00D9E933 /* YBFunctionTool.m in Sources */ = {isa = PBXBuildFile; fileRef = D148D47D233B538B00D9E933 /* YBFunctionTool.m */; };
		D1B7C6E7231DF515003A3BDA /* AppDelegate.m in Sources */ = {isa = PBXBuildFile; fileRef = D1B7C6E6231DF515003A3BDA /* AppDelegate.m */; };
		D1B7C6EA231DF515003A3BDA /* ViewController.m in Sources */ = {isa = PBXBuildFile; fileRef = D1B7C6E9231DF515003A3BDA /* ViewController.m */; };
		D1B7C6ED231DF515003A3BDA /* Main.storyboard in Resources */ = {isa = PBXBuildFile; fileRef = D1B7C6EB231DF515003A3BDA /* Main.storyboard */; };
		D1B7C6EF231DF516003A3BDA /* Assets.xcassets in Resources */ = {isa = PBXBuildFile; fileRef = D1B7C6EE231DF516003A3BDA /* Assets.xcassets */; };
		D1B7C6F2231DF516003A3BDA /* LaunchScreen.storyboard in Resources */ = {isa = PBXBuildFile; fileRef = D1B7C6F0231DF516003A3BDA /* LaunchScreen.storyboard */; };
		D1B7C6F5231DF516003A3BDA /* main.m in Sources */ = {isa = PBXBuildFile; fileRef = D1B7C6F4231DF516003A3BDA /* main.m */; };
		D1B7C6FF231DF516003A3BDA /* fmdbDemoTests.m in Sources */ = {isa = PBXBuildFile; fileRef = D1B7C6FE231DF516003A3BDA /* fmdbDemoTests.m */; };
		D1B7C70A231DF516003A3BDA /* fmdbDemoUITests.m in Sources */ = {isa = PBXBuildFile; fileRef = D1B7C709231DF516003A3BDA /* fmdbDemoUITests.m */; };
		E43A5A366ACB6876F9DCDD1B /* libPods-fmdbDemo.a in Frameworks */ = {isa = PBXBuildFile; fileRef = 13C0DB281ED489D0DA76F8E7 /* libPods-fmdbDemo.a */; };
/* End PBXBuildFile section */

/* Begin PBXContainerItemProxy section */
		D1B7C6FB231DF516003A3BDA /* PBXContainerItemProxy */ = {
			isa = PBXContainerItemProxy;
			containerPortal = D1B7C6DA231DF515003A3BDA /* Project object */;
			proxyType = 1;
			remoteGlobalIDString = D1B7C6E1231DF515003A3BDA;
			remoteInfo = fmdbDemo;
		};
		D1B7C706231DF516003A3BDA /* PBXContainerItemProxy */ = {
			isa = PBXContainerItemProxy;
			containerPortal = D1B7C6DA231DF515003A3BDA /* Project object */;
			proxyType = 1;
			remoteGlobalIDString = D1B7C6E1231DF515003A3BDA;
			remoteInfo = fmdbDemo;
		};
/* End PBXContainerItemProxy section */

/* Begin PBXFileReference section */
		12D8F557B1A82A3BC773D5A2 /* Pods-fmdbDemoUITests.release.xcconfig */ = {isa = PBXFileReference; includeInIndex = 1; lastKnownFileType = text.xcconfig; name = "Pods-fmdbDemoUITests.release.xcconfig"; path = "Target Support Files/Pods-fmdbDemoUITests/Pods-fmdbDemoUITests.release.xcconfig"; sourceTree = "<group>"; };
		13C0DB281ED489D0DA76F8E7 /* libPods-fmdbDemo.a */ = {isa = PBXFileReference; explicitFileType = archive.ar; includeInIndex = 0; path = "libPods-fmdbDemo.a"; sourceTree = BUILT_PRODUCTS_DIR; };
		4113B4DD3EB1070E333D7C76 /* libPods-fmdbDemoUITests.a */ = {isa = PBXFileReference; explicitFileType = archive.ar; includeInIndex = 0; path = "libPods-fmdbDemoUITests.a"; sourceTree = BUILT_PRODUCTS_DIR; };
		48B4FBE9A15BFF8D4D395B1C /* Pods-fmdbDemoTests.debug.xcconfig */ = {isa = PBXFileReference; includeInIndex = 1; lastKnownFileType = text.xcconfig; name = "Pods-fmdbDemoTests.debug.xcconfig"; path = "Target Support Files/Pods-fmdbDemoTests/Pods-fmdbDemoTests.debug.xcconfig"; sourceTree = "<group>"; };
		61E81606F1C0903ACC0FD131 /* Pods-fmdbDemo.release.xcconfig */ = {isa = PBXFileReference; includeInIndex = 1; lastKnownFileType = text.xcconfig; name = "Pods-fmdbDemo.release.xcconfig"; path = "Target Support Files/Pods-fmdbDemo/Pods-fmdbDemo.release.xcconfig"; sourceTree = "<group>"; };
		8CFAC2C8A4A5185964D60334 /* Pods-fmdbDemoTests.release.xcconfig */ = {isa = PBXFileReference; includeInIndex = 1; lastKnownFileType = text.xcconfig; name = "Pods-fmdbDemoTests.release.xcconfig"; path = "Target Support Files/Pods-fmdbDemoTests/Pods-fmdbDemoTests.release.xcconfig"; sourceTree = "<group>"; };
		A39C52CDEA06ECA7BFAEC050 /* libPods-fmdbDemoTests.a */ = {isa = PBXFileReference; explicitFileType = archive.ar; includeInIndex = 0; path = "libPods-fmdbDemoTests.a"; sourceTree = BUILT_PRODUCTS_DIR; };
		B6B9EDB2C5F2A0AEE91DC745 /* Pods-fmdbDemoUITests.debug.xcconfig */ = {isa = PBXFileReference; includeInIndex = 1; lastKnownFileType = text.xcconfig; name = "Pods-fmdbDemoUITests.debug.xcconfig"; path = "Target Support Files/Pods-fmdbDemoUITests/Pods-fmdbDemoUITests.debug.xcconfig"; sourceTree = "<group>"; };
		D148D46B233B4DA400D9E933 /* PrefixHeader.pch */ = {isa = PBXFileReference; lastKnownFileType = sourcecode.c.h; path = PrefixHeader.pch; sourceTree = "<group>"; };
		D148D46C233B4E8000D9E933 /* YBItem.h */ = {isa = PBXFileReference; lastKnownFileType = sourcecode.c.h; path = YBItem.h; sourceTree = "<group>"; };
		D148D46D233B4E8000D9E933 /* YBItem.m */ = {isa = PBXFileReference; lastKnownFileType = sourcecode.c.objc; path = YBItem.m; sourceTree = "<group>"; };
		D148D472233B4F1400D9E933 /* YBSchool.h */ = {isa = PBXFileReference; lastKnownFileType = sourcecode.c.h; path = YBSchool.h; sourceTree = "<group>"; };
		D148D473233B4F1400D9E933 /* YBSchool.m */ = {isa = PBXFileReference; lastKnownFileType = sourcecode.c.objc; path = YBSchool.m; sourceTree = "<group>"; };
		D148D475233B4F2400D9E933 /* YBClass.h */ = {isa = PBXFileReference; lastKnownFileType = sourcecode.c.h; path = YBClass.h; sourceTree = "<group>"; };
		D148D476233B4F2400D9E933 /* YBClass.m */ = {isa = PBXFileReference; lastKnownFileType = sourcecode.c.objc; path = YBClass.m; sourceTree = "<group>"; };
		D148D478233B4F2E00D9E933 /* YBStudent.h */ = {isa = PBXFileReference; lastKnownFileType = sourcecode.c.h; path = YBStudent.h; sourceTree = "<group>"; };
		D148D479233B4F2E00D9E933 /* YBStudent.m */ = {isa = PBXFileReference; lastKnownFileType = sourcecode.c.objc; path = YBStudent.m; sourceTree = "<group>"; };
		D148D47B233B4F6800D9E933 /* YBMecros.h */ = {isa = PBXFileReference; lastKnownFileType = sourcecode.c.h; path = YBMecros.h; sourceTree = "<group>"; };
		D148D47C233B538B00D9E933 /* YBFunctionTool.h */ = {isa = PBXFileReference; lastKnownFileType = sourcecode.c.h; path = YBFunctionTool.h; sourceTree = "<group>"; };
		D148D47D233B538B00D9E933 /* YBFunctionTool.m */ = {isa = PBXFileReference; lastKnownFileType = sourcecode.c.objc; path = YBFunctionTool.m; sourceTree = "<group>"; };
		D1B7C6E2231DF515003A3BDA /* fmdbDemo.app */ = {isa = PBXFileReference; explicitFileType = wrapper.application; includeInIndex = 0; path = fmdbDemo.app; sourceTree = BUILT_PRODUCTS_DIR; };
		D1B7C6E5231DF515003A3BDA /* AppDelegate.h */ = {isa = PBXFileReference; lastKnownFileType = sourcecode.c.h; path = AppDelegate.h; sourceTree = "<group>"; };
		D1B7C6E6231DF515003A3BDA /* AppDelegate.m */ = {isa = PBXFileReference; lastKnownFileType = sourcecode.c.objc; path = AppDelegate.m; sourceTree = "<group>"; };
		D1B7C6E8231DF515003A3BDA /* ViewController.h */ = {isa = PBXFileReference; lastKnownFileType = sourcecode.c.h; path = ViewController.h; sourceTree = "<group>"; };
		D1B7C6E9231DF515003A3BDA /* ViewController.m */ = {isa = PBXFileReference; lastKnownFileType = sourcecode.c.objc; path = ViewController.m; sourceTree = "<group>"; };
		D1B7C6EC231DF515003A3BDA /* Base */ = {isa = PBXFileReference; lastKnownFileType = file.storyboard; name = Base; path = Base.lproj/Main.storyboard; sourceTree = "<group>"; };
		D1B7C6EE231DF516003A3BDA /* Assets.xcassets */ = {isa = PBXFileReference; lastKnownFileType = folder.assetcatalog; path = Assets.xcassets; sourceTree = "<group>"; };
		D1B7C6F1231DF516003A3BDA /* Base */ = {isa = PBXFileReference; lastKnownFileType = file.storyboard; name = Base; path = Base.lproj/LaunchScreen.storyboard; sourceTree = "<group>"; };
		D1B7C6F3231DF516003A3BDA /* Info.plist */ = {isa = PBXFileReference; lastKnownFileType = text.plist.xml; path = Info.plist; sourceTree = "<group>"; };
		D1B7C6F4231DF516003A3BDA /* main.m */ = {isa = PBXFileReference; lastKnownFileType = sourcecode.c.objc; path = main.m; sourceTree = "<group>"; };
		D1B7C6FA231DF516003A3BDA /* fmdbDemoTests.xctest */ = {isa = PBXFileReference; explicitFileType = wrapper.cfbundle; includeInIndex = 0; path = fmdbDemoTests.xctest; sourceTree = BUILT_PRODUCTS_DIR; };
		D1B7C6FE231DF516003A3BDA /* fmdbDemoTests.m */ = {isa = PBXFileReference; lastKnownFileType = sourcecode.c.objc; path = fmdbDemoTests.m; sourceTree = "<group>"; };
		D1B7C700231DF516003A3BDA /* Info.plist */ = {isa = PBXFileReference; lastKnownFileType = text.plist.xml; path = Info.plist; sourceTree = "<group>"; };
		D1B7C705231DF516003A3BDA /* fmdbDemoUITests.xctest */ = {isa = PBXFileReference; explicitFileType = wrapper.cfbundle; includeInIndex = 0; path = fmdbDemoUITests.xctest; sourceTree = BUILT_PRODUCTS_DIR; };
		D1B7C709231DF516003A3BDA /* fmdbDemoUITests.m */ = {isa = PBXFileReference; lastKnownFileType = sourcecode.c.objc; path = fmdbDemoUITests.m; sourceTree = "<group>"; };
		D1B7C70B231DF516003A3BDA /* Info.plist */ = {isa = PBXFileReference; lastKnownFileType = text.plist.xml; path = Info.plist; sourceTree = "<group>"; };
		D6A40029F9348EFD80DA13EF /* Pods-fmdbDemo.debug.xcconfig */ = {isa = PBXFileReference; includeInIndex = 1; lastKnownFileType = text.xcconfig; name = "Pods-fmdbDemo.debug.xcconfig"; path = "Target Support Files/Pods-fmdbDemo/Pods-fmdbDemo.debug.xcconfig"; sourceTree = "<group>"; };
/* End PBXFileReference section */

/* Begin PBXFrameworksBuildPhase section */
		D1B7C6DF231DF515003A3BDA /* Frameworks */ = {
			isa = PBXFrameworksBuildPhase;
			buildActionMask = 2147483647;
			files = (
				E43A5A366ACB6876F9DCDD1B /* libPods-fmdbDemo.a in Frameworks */,
			);
			runOnlyForDeploymentPostprocessing = 0;
		};
		D1B7C6F7231DF516003A3BDA /* Frameworks */ = {
			isa = PBXFrameworksBuildPhase;
			buildActionMask = 2147483647;
			files = (
				4B8BBE3C8B72C85056B91DFB /* libPods-fmdbDemoTests.a in Frameworks */,
			);
			runOnlyForDeploymentPostprocessing = 0;
		};
		D1B7C702231DF516003A3BDA /* Frameworks */ = {
			isa = PBXFrameworksBuildPhase;
			buildActionMask = 2147483647;
			files = (
				92099C2EE6EB33CB8F8B8ECA /* libPods-fmdbDemoUITests.a in Frameworks */,
			);
			runOnlyForDeploymentPostprocessing = 0;
		};
/* End PBXFrameworksBuildPhase section */

/* Begin PBXGroup section */
		353F21E354C941FA7336B600 /* Frameworks */ = {
			isa = PBXGroup;
			children = (
				13C0DB281ED489D0DA76F8E7 /* libPods-fmdbDemo.a */,
				A39C52CDEA06ECA7BFAEC050 /* libPods-fmdbDemoTests.a */,
				4113B4DD3EB1070E333D7C76 /* libPods-fmdbDemoUITests.a */,
			);
			name = Frameworks;
			sourceTree = "<group>";
		};
		5BBE642587B44021CE8FEC0A /* Pods */ = {
			isa = PBXGroup;
			children = (
				D6A40029F9348EFD80DA13EF /* Pods-fmdbDemo.debug.xcconfig */,
				61E81606F1C0903ACC0FD131 /* Pods-fmdbDemo.release.xcconfig */,
				48B4FBE9A15BFF8D4D395B1C /* Pods-fmdbDemoTests.debug.xcconfig */,
				8CFAC2C8A4A5185964D60334 /* Pods-fmdbDemoTests.release.xcconfig */,
				B6B9EDB2C5F2A0AEE91DC745 /* Pods-fmdbDemoUITests.debug.xcconfig */,
				12D8F557B1A82A3BC773D5A2 /* Pods-fmdbDemoUITests.release.xcconfig */,
			);
			path = Pods;
			sourceTree = "<group>";
		};
		D148D46F233B4E8500D9E933 /* Tools */ = {
			isa = PBXGroup;
			children = (
				D148D47B233B4F6800D9E933 /* YBMecros.h */,
				D148D47F233B541900D9E933 /* YBFunctionTool */,
				D148D470233B4E9B00D9E933 /* YBItem */,
			);
			path = Tools;
			sourceTree = "<group>";
		};
		D148D470233B4E9B00D9E933 /* YBItem */ = {
			isa = PBXGroup;
			children = (
				D148D46C233B4E8000D9E933 /* YBItem.h */,
				D148D46D233B4E8000D9E933 /* YBItem.m */,
			);
			path = YBItem;
			sourceTree = "<group>";
		};
		D148D471233B4EF800D9E933 /* Models */ = {
			isa = PBXGroup;
			children = (
				D148D472233B4F1400D9E933 /* YBSchool.h */,
				D148D473233B4F1400D9E933 /* YBSchool.m */,
				D148D475233B4F2400D9E933 /* YBClass.h */,
				D148D476233B4F2400D9E933 /* YBClass.m */,
				D148D478233B4F2E00D9E933 /* YBStudent.h */,
				D148D479233B4F2E00D9E933 /* YBStudent.m */,
			);
			path = Models;
			sourceTree = "<group>";
		};
		D148D47F233B541900D9E933 /* YBFunctionTool */ = {
			isa = PBXGroup;
			children = (
				D148D47C233B538B00D9E933 /* YBFunctionTool.h */,
				D148D47D233B538B00D9E933 /* YBFunctionTool.m */,
			);
			path = YBFunctionTool;
			sourceTree = "<group>";
		};
		D1B7C6D9231DF515003A3BDA = {
			isa = PBXGroup;
			children = (
				D1B7C6E4231DF515003A3BDA /* fmdbDemo */,
				D1B7C6FD231DF516003A3BDA /* fmdbDemoTests */,
				D1B7C708231DF516003A3BDA /* fmdbDemoUITests */,
				D1B7C6E3231DF515003A3BDA /* Products */,
				5BBE642587B44021CE8FEC0A /* Pods */,
				353F21E354C941FA7336B600 /* Frameworks */,
			);
			sourceTree = "<group>";
		};
		D1B7C6E3231DF515003A3BDA /* Products */ = {
			isa = PBXGroup;
			children = (
				D1B7C6E2231DF515003A3BDA /* fmdbDemo.app */,
				D1B7C6FA231DF516003A3BDA /* fmdbDemoTests.xctest */,
				D1B7C705231DF516003A3BDA /* fmdbDemoUITests.xctest */,
			);
			name = Products;
			sourceTree = "<group>";
		};
		D1B7C6E4231DF515003A3BDA /* fmdbDemo */ = {
			isa = PBXGroup;
			children = (
				D1B7C6E5231DF515003A3BDA /* AppDelegate.h */,
				D1B7C6E6231DF515003A3BDA /* AppDelegate.m */,
				D1B7C6E8231DF515003A3BDA /* ViewController.h */,
				D1B7C6E9231DF515003A3BDA /* ViewController.m */,
				D148D471233B4EF800D9E933 /* Models */,
				D148D46F233B4E8500D9E933 /* Tools */,
				D1B7C6EB231DF515003A3BDA /* Main.storyboard */,
				D1B7C6EE231DF516003A3BDA /* Assets.xcassets */,
				D1B7C6F0231DF516003A3BDA /* LaunchScreen.storyboard */,
				D1B7C6F3231DF516003A3BDA /* Info.plist */,
				D1B7C6F4231DF516003A3BDA /* main.m */,
				D148D46B233B4DA400D9E933 /* PrefixHeader.pch */,
			);
			path = fmdbDemo;
			sourceTree = "<group>";
		};
		D1B7C6FD231DF516003A3BDA /* fmdbDemoTests */ = {
			isa = PBXGroup;
			children = (
				D1B7C6FE231DF516003A3BDA /* fmdbDemoTests.m */,
				D1B7C700231DF516003A3BDA /* Info.plist */,
			);
			path = fmdbDemoTests;
			sourceTree = "<group>";
		};
		D1B7C708231DF516003A3BDA /* fmdbDemoUITests */ = {
			isa = PBXGroup;
			children = (
				D1B7C709231DF516003A3BDA /* fmdbDemoUITests.m */,
				D1B7C70B231DF516003A3BDA /* Info.plist */,
			);
			path = fmdbDemoUITests;
			sourceTree = "<group>";
		};
/* End PBXGroup section */

/* Begin PBXNativeTarget section */
		D1B7C6E1231DF515003A3BDA /* fmdbDemo */ = {
			isa = PBXNativeTarget;
			buildConfigurationList = D1B7C70E231DF516003A3BDA /* Build configuration list for PBXNativeTarget "fmdbDemo" */;
			buildPhases = (
				CEA6494BAA5408C7C8EBC02B /* [CP] Check Pods Manifest.lock */,
				D1B7C6DE231DF515003A3BDA /* Sources */,
				D1B7C6DF231DF515003A3BDA /* Frameworks */,
				D1B7C6E0231DF515003A3BDA /* Resources */,
			);
			buildRules = (
			);
			dependencies = (
			);
			name = fmdbDemo;
			productName = fmdbDemo;
			productReference = D1B7C6E2231DF515003A3BDA /* fmdbDemo.app */;
			productType = "com.apple.product-type.application";
		};
		D1B7C6F9231DF516003A3BDA /* fmdbDemoTests */ = {
			isa = PBXNativeTarget;
			buildConfigurationList = D1B7C711231DF516003A3BDA /* Build configuration list for PBXNativeTarget "fmdbDemoTests" */;
			buildPhases = (
				9D2E6AFB62A4FCCCF0D15FE6 /* [CP] Check Pods Manifest.lock */,
				D1B7C6F6231DF516003A3BDA /* Sources */,
				D1B7C6F7231DF516003A3BDA /* Frameworks */,
				D1B7C6F8231DF516003A3BDA /* Resources */,
			);
			buildRules = (
			);
			dependencies = (
				D1B7C6FC231DF516003A3BDA /* PBXTargetDependency */,
			);
			name = fmdbDemoTests;
			productName = fmdbDemoTests;
			productReference = D1B7C6FA231DF516003A3BDA /* fmdbDemoTests.xctest */;
			productType = "com.apple.product-type.bundle.unit-test";
		};
		D1B7C704231DF516003A3BDA /* fmdbDemoUITests */ = {
			isa = PBXNativeTarget;
			buildConfigurationList = D1B7C714231DF516003A3BDA /* Build configuration list for PBXNativeTarget "fmdbDemoUITests" */;
			buildPhases = (
				E211A9832F7AB719E37EAC29 /* [CP] Check Pods Manifest.lock */,
				D1B7C701231DF516003A3BDA /* Sources */,
				D1B7C702231DF516003A3BDA /* Frameworks */,
				D1B7C703231DF516003A3BDA /* Resources */,
			);
			buildRules = (
			);
			dependencies = (
				D1B7C707231DF516003A3BDA /* PBXTargetDependency */,
			);
			name = fmdbDemoUITests;
			productName = fmdbDemoUITests;
			productReference = D1B7C705231DF516003A3BDA /* fmdbDemoUITests.xctest */;
			productType = "com.apple.product-type.bundle.ui-testing";
		};
/* End PBXNativeTarget section */

/* Begin PBXProject section */
		D1B7C6DA231DF515003A3BDA /* Project object */ = {
			isa = PBXProject;
			attributes = {
				LastUpgradeCheck = 1010;
				ORGANIZATIONNAME = "王颖博";
				TargetAttributes = {
					D1B7C6E1231DF515003A3BDA = {
						CreatedOnToolsVersion = 10.1;
					};
					D1B7C6F9231DF516003A3BDA = {
						CreatedOnToolsVersion = 10.1;
						TestTargetID = D1B7C6E1231DF515003A3BDA;
					};
					D1B7C704231DF516003A3BDA = {
						CreatedOnToolsVersion = 10.1;
						TestTargetID = D1B7C6E1231DF515003A3BDA;
					};
				};
			};
			buildConfigurationList = D1B7C6DD231DF515003A3BDA /* Build configuration list for PBXProject "fmdbDemo" */;
			compatibilityVersion = "Xcode 9.3";
			developmentRegion = en;
			hasScannedForEncodings = 0;
			knownRegions = (
				en,
				Base,
			);
			mainGroup = D1B7C6D9231DF515003A3BDA;
			productRefGroup = D1B7C6E3231DF515003A3BDA /* Products */;
			projectDirPath = "";
			projectRoot = "";
			targets = (
				D1B7C6E1231DF515003A3BDA /* fmdbDemo */,
				D1B7C6F9231DF516003A3BDA /* fmdbDemoTests */,
				D1B7C704231DF516003A3BDA /* fmdbDemoUITests */,
			);
		};
/* End PBXProject section */

/* Begin PBXResourcesBuildPhase section */
		D1B7C6E0231DF515003A3BDA /* Resources */ = {
			isa = PBXResourcesBuildPhase;
			buildActionMask = 2147483647;
			files = (
				D1B7C6F2231DF516003A3BDA /* LaunchScreen.storyboard in Resources */,
				D1B7C6EF231DF516003A3BDA /* Assets.xcassets in Resources */,
				D1B7C6ED231DF515003A3BDA /* Main.storyboard in Resources */,
			);
			runOnlyForDeploymentPostprocessing = 0;
		};
		D1B7C6F8231DF516003A3BDA /* Resources */ = {
			isa = PBXResourcesBuildPhase;
			buildActionMask = 2147483647;
			files = (
			);
			runOnlyForDeploymentPostprocessing = 0;
		};
		D1B7C703231DF516003A3BDA /* Resources */ = {
			isa = PBXResourcesBuildPhase;
			buildActionMask = 2147483647;
			files = (
			);
			runOnlyForDeploymentPostprocessing = 0;
		};
/* End PBXResourcesBuildPhase section */

/* Begin PBXShellScriptBuildPhase section */
		9D2E6AFB62A4FCCCF0D15FE6 /* [CP] Check Pods Manifest.lock */ = {
			isa = PBXShellScriptBuildPhase;
			buildActionMask = 2147483647;
			files = (
			);
			inputFileListPaths = (
			);
			inputPaths = (
				"${PODS_PODFILE_DIR_PATH}/Podfile.lock",
				"${PODS_ROOT}/Manifest.lock",
			);
			name = "[CP] Check Pods Manifest.lock";
			outputFileListPaths = (
			);
			outputPaths = (
				"$(DERIVED_FILE_DIR)/Pods-fmdbDemoTests-checkManifestLockResult.txt",
			);
			runOnlyForDeploymentPostprocessing = 0;
			shellPath = /bin/sh;
			shellScript = "diff \"${PODS_PODFILE_DIR_PATH}/Podfile.lock\" \"${PODS_ROOT}/Manifest.lock\" > /dev/null\nif [ $? != 0 ] ; then\n    # print error to STDERR\n    echo \"error: The sandbox is not in sync with the Podfile.lock. Run 'pod install' or update your CocoaPods installation.\" >&2\n    exit 1\nfi\n# This output is used by Xcode 'outputs' to avoid re-running this script phase.\necho \"SUCCESS\" > \"${SCRIPT_OUTPUT_FILE_0}\"\n";
			showEnvVarsInLog = 0;
		};
		CEA6494BAA5408C7C8EBC02B /* [CP] Check Pods Manifest.lock */ = {
			isa = PBXShellScriptBuildPhase;
			buildActionMask = 2147483647;
			files = (
			);
			inputFileListPaths = (
			);
			inputPaths = (
				"${PODS_PODFILE_DIR_PATH}/Podfile.lock",
				"${PODS_ROOT}/Manifest.lock",
			);
			name = "[CP] Check Pods Manifest.lock";
			outputFileListPaths = (
			);
			outputPaths = (
				"$(DERIVED_FILE_DIR)/Pods-fmdbDemo-checkManifestLockResult.txt",
			);
			runOnlyForDeploymentPostprocessing = 0;
			shellPath = /bin/sh;
			shellScript = "diff \"${PODS_PODFILE_DIR_PATH}/Podfile.lock\" \"${PODS_ROOT}/Manifest.lock\" > /dev/null\nif [ $? != 0 ] ; then\n    # print error to STDERR\n    echo \"error: The sandbox is not in sync with the Podfile.lock. Run 'pod install' or update your CocoaPods installation.\" >&2\n    exit 1\nfi\n# This output is used by Xcode 'outputs' to avoid re-running this script phase.\necho \"SUCCESS\" > \"${SCRIPT_OUTPUT_FILE_0}\"\n";
			showEnvVarsInLog = 0;
		};
		E211A9832F7AB719E37EAC29 /* [CP] Check Pods Manifest.lock */ = {
			isa = PBXShellScriptBuildPhase;
			buildActionMask = 2147483647;
			files = (
			);
			inputFileListPaths = (
			);
			inputPaths = (
				"${PODS_PODFILE_DIR_PATH}/Podfile.lock",
				"${PODS_ROOT}/Manifest.lock",
			);
			name = "[CP] Check Pods Manifest.lock";
			outputFileListPaths = (
			);
			outputPaths = (
				"$(DERIVED_FILE_DIR)/Pods-fmdbDemoUITests-checkManifestLockResult.txt",
			);
			runOnlyForDeploymentPostprocessing = 0;
			shellPath = /bin/sh;
			shellScript = "diff \"${PODS_PODFILE_DIR_PATH}/Podfile.lock\" \"${PODS_ROOT}/Manifest.lock\" > /dev/null\nif [ $? != 0 ] ; then\n    # print error to STDERR\n    echo \"error: The sandbox is not in sync with the Podfile.lock. Run 'pod install' or update your CocoaPods installation.\" >&2\n    exit 1\nfi\n# This output is used by Xcode 'outputs' to avoid re-running this script phase.\necho \"SUCCESS\" > \"${SCRIPT_OUTPUT_FILE_0}\"\n";
			showEnvVarsInLog = 0;
		};
/* End PBXShellScriptBuildPhase section */

/* Begin PBXSourcesBuildPhase section */
		D1B7C6DE231DF515003A3BDA /* Sources */ = {
			isa = PBXSourcesBuildPhase;
			buildActionMask = 2147483647;
			files = (
				D148D474233B4F1400D9E933 /* YBSchool.m in Sources */,
				D1B7C6EA231DF515003A3BDA /* ViewController.m in Sources */,
				D148D47E233B538B00D9E933 /* YBFunctionTool.m in Sources */,
				D148D46E233B4E8000D9E933 /* YBItem.m in Sources */,
				D1B7C6F5231DF516003A3BDA /* main.m in Sources */,
				D1B7C6E7231DF515003A3BDA /* AppDelegate.m in Sources */,
				D148D47A233B4F2E00D9E933 /* YBStudent.m in Sources */,
				D148D477233B4F2400D9E933 /* YBClass.m in Sources */,
			);
			runOnlyForDeploymentPostprocessing = 0;
		};
		D1B7C6F6231DF516003A3BDA /* Sources */ = {
			isa = PBXSourcesBuildPhase;
			buildActionMask = 2147483647;
			files = (
				D1B7C6FF231DF516003A3BDA /* fmdbDemoTests.m in Sources */,
			);
			runOnlyForDeploymentPostprocessing = 0;
		};
		D1B7C701231DF516003A3BDA /* Sources */ = {
			isa = PBXSourcesBuildPhase;
			buildActionMask = 2147483647;
			files = (
				D1B7C70A231DF516003A3BDA /* fmdbDemoUITests.m in Sources */,
			);
			runOnlyForDeploymentPostprocessing = 0;
		};
/* End PBXSourcesBuildPhase section */

/* Begin PBXTargetDependency section */
		D1B7C6FC231DF516003A3BDA /* PBXTargetDependency */ = {
			isa = PBXTargetDependency;
			target = D1B7C6E1231DF515003A3BDA /* fmdbDemo */;
			targetProxy = D1B7C6FB231DF516003A3BDA /* PBXContainerItemProxy */;
		};
		D1B7C707231DF516003A3BDA /* PBXTargetDependency */ = {
			isa = PBXTargetDependency;
			target = D1B7C6E1231DF515003A3BDA /* fmdbDemo */;
			targetProxy = D1B7C706231DF516003A3BDA /* PBXContainerItemProxy */;
		};
/* End PBXTargetDependency section */

/* Begin PBXVariantGroup section */
		D1B7C6EB231DF515003A3BDA /* Main.storyboard */ = {
			isa = PBXVariantGroup;
			children = (
				D1B7C6EC231DF515003A3BDA /* Base */,
			);
			name = Main.storyboard;
			sourceTree = "<group>";
		};
		D1B7C6F0231DF516003A3BDA /* LaunchScreen.storyboard */ = {
			isa = PBXVariantGroup;
			children = (
				D1B7C6F1231DF516003A3BDA /* Base */,
			);
			name = LaunchScreen.storyboard;
			sourceTree = "<group>";
		};
/* End PBXVariantGroup section */

/* Begin XCBuildConfiguration section */
		D1B7C70C231DF516003A3BDA /* Debug */ = {
			isa = XCBuildConfiguration;
			buildSettings = {
				ALWAYS_SEARCH_USER_PATHS = NO;
				CLANG_ANALYZER_NONNULL = YES;
				CLANG_ANALYZER_NUMBER_OBJECT_CONVERSION = YES_AGGRESSIVE;
				CLANG_CXX_LANGUAGE_STANDARD = "gnu++14";
				CLANG_CXX_LIBRARY = "libc++";
				CLANG_ENABLE_MODULES = YES;
				CLANG_ENABLE_OBJC_ARC = YES;
				CLANG_ENABLE_OBJC_WEAK = YES;
				CLANG_WARN_BLOCK_CAPTURE_AUTORELEASING = YES;
				CLANG_WARN_BOOL_CONVERSION = YES;
				CLANG_WARN_COMMA = YES;
				CLANG_WARN_CONSTANT_CONVERSION = YES;
				CLANG_WARN_DEPRECATED_OBJC_IMPLEMENTATIONS = YES;
				CLANG_WARN_DIRECT_OBJC_ISA_USAGE = YES_ERROR;
				CLANG_WARN_DOCUMENTATION_COMMENTS = YES;
				CLANG_WARN_EMPTY_BODY = YES;
				CLANG_WARN_ENUM_CONVERSION = YES;
				CLANG_WARN_INFINITE_RECURSION = YES;
				CLANG_WARN_INT_CONVERSION = YES;
				CLANG_WARN_NON_LITERAL_NULL_CONVERSION = YES;
				CLANG_WARN_OBJC_IMPLICIT_RETAIN_SELF = YES;
				CLANG_WARN_OBJC_LITERAL_CONVERSION = YES;
				CLANG_WARN_OBJC_ROOT_CLASS = YES_ERROR;
				CLANG_WARN_RANGE_LOOP_ANALYSIS = YES;
				CLANG_WARN_STRICT_PROTOTYPES = YES;
				CLANG_WARN_SUSPICIOUS_MOVE = YES;
				CLANG_WARN_UNGUARDED_AVAILABILITY = YES_AGGRESSIVE;
				CLANG_WARN_UNREACHABLE_CODE = YES;
				CLANG_WARN__DUPLICATE_METHOD_MATCH = YES;
				CODE_SIGN_IDENTITY = "iPhone Developer";
				COPY_PHASE_STRIP = NO;
				DEBUG_INFORMATION_FORMAT = dwarf;
				ENABLE_STRICT_OBJC_MSGSEND = YES;
				ENABLE_TESTABILITY = YES;
				GCC_C_LANGUAGE_STANDARD = gnu11;
				GCC_DYNAMIC_NO_PIC = NO;
				GCC_NO_COMMON_BLOCKS = YES;
				GCC_OPTIMIZATION_LEVEL = 0;
				GCC_PREPROCESSOR_DEFINITIONS = (
					"DEBUG=1",
					"$(inherited)",
				);
				GCC_WARN_64_TO_32_BIT_CONVERSION = YES;
				GCC_WARN_ABOUT_RETURN_TYPE = YES_ERROR;
				GCC_WARN_UNDECLARED_SELECTOR = YES;
				GCC_WARN_UNINITIALIZED_AUTOS = YES_AGGRESSIVE;
				GCC_WARN_UNUSED_FUNCTION = YES;
				GCC_WARN_UNUSED_VARIABLE = YES;
				IPHONEOS_DEPLOYMENT_TARGET = 12.1;
				MTL_ENABLE_DEBUG_INFO = INCLUDE_SOURCE;
				MTL_FAST_MATH = YES;
				ONLY_ACTIVE_ARCH = YES;
				SDKROOT = iphoneos;
			};
			name = Debug;
		};
		D1B7C70D231DF516003A3BDA /* Release */ = {
			isa = XCBuildConfiguration;
			buildSettings = {
				ALWAYS_SEARCH_USER_PATHS = NO;
				CLANG_ANALYZER_NONNULL = YES;
				CLANG_ANALYZER_NUMBER_OBJECT_CONVERSION = YES_AGGRESSIVE;
				CLANG_CXX_LANGUAGE_STANDARD = "gnu++14";
				CLANG_CXX_LIBRARY = "libc++";
				CLANG_ENABLE_MODULES = YES;
				CLANG_ENABLE_OBJC_ARC = YES;
				CLANG_ENABLE_OBJC_WEAK = YES;
				CLANG_WARN_BLOCK_CAPTURE_AUTORELEASING = YES;
				CLANG_WARN_BOOL_CONVERSION = YES;
				CLANG_WARN_COMMA = YES;
				CLANG_WARN_CONSTANT_CONVERSION = YES;
				CLANG_WARN_DEPRECATED_OBJC_IMPLEMENTATIONS = YES;
				CLANG_WARN_DIRECT_OBJC_ISA_USAGE = YES_ERROR;
				CLANG_WARN_DOCUMENTATION_COMMENTS = YES;
				CLANG_WARN_EMPTY_BODY = YES;
				CLANG_WARN_ENUM_CONVERSION = YES;
				CLANG_WARN_INFINITE_RECURSION = YES;
				CLANG_WARN_INT_CONVERSION = YES;
				CLANG_WARN_NON_LITERAL_NULL_CONVERSION = YES;
				CLANG_WARN_OBJC_IMPLICIT_RETAIN_SELF = YES;
				CLANG_WARN_OBJC_LITERAL_CONVERSION = YES;
				CLANG_WARN_OBJC_ROOT_CLASS = YES_ERROR;
				CLANG_WARN_RANGE_LOOP_ANALYSIS = YES;
				CLANG_WARN_STRICT_PROTOTYPES = YES;
				CLANG_WARN_SUSPICIOUS_MOVE = YES;
				CLANG_WARN_UNGUARDED_AVAILABILITY = YES_AGGRESSIVE;
				CLANG_WARN_UNREACHABLE_CODE = YES;
				CLANG_WARN__DUPLICATE_METHOD_MATCH = YES;
				CODE_SIGN_IDENTITY = "iPhone Developer";
				COPY_PHASE_STRIP = NO;
				DEBUG_INFORMATION_FORMAT = "dwarf-with-dsym";
				ENABLE_NS_ASSERTIONS = NO;
				ENABLE_STRICT_OBJC_MSGSEND = YES;
				GCC_C_LANGUAGE_STANDARD = gnu11;
				GCC_NO_COMMON_BLOCKS = YES;
				GCC_WARN_64_TO_32_BIT_CONVERSION = YES;
				GCC_WARN_ABOUT_RETURN_TYPE = YES_ERROR;
				GCC_WARN_UNDECLARED_SELECTOR = YES;
				GCC_WARN_UNINITIALIZED_AUTOS = YES_AGGRESSIVE;
				GCC_WARN_UNUSED_FUNCTION = YES;
				GCC_WARN_UNUSED_VARIABLE = YES;
				IPHONEOS_DEPLOYMENT_TARGET = 12.1;
				MTL_ENABLE_DEBUG_INFO = NO;
				MTL_FAST_MATH = YES;
				SDKROOT = iphoneos;
				VALIDATE_PRODUCT = YES;
			};
			name = Release;
		};
		D1B7C70F231DF516003A3BDA /* Debug */ = {
			isa = XCBuildConfiguration;
			baseConfigurationReference = D6A40029F9348EFD80DA13EF /* Pods-fmdbDemo.debug.xcconfig */;
			buildSettings = {
				ASSETCATALOG_COMPILER_APPICON_NAME = AppIcon;
				CODE_SIGN_STYLE = Automatic;
				DEVELOPMENT_TEAM = 2T9CHG78WE;
				GCC_PRECOMPILE_PREFIX_HEADER = YES;
				GCC_PREFIX_HEADER = "$(SRCROOT)/fmdbDemo/PrefixHeader.pch";
				INFOPLIST_FILE = fmdbDemo/Info.plist;
				LD_RUNPATH_SEARCH_PATHS = (
					"$(inherited)",
					"@executable_path/Frameworks",
				);
				PRODUCT_BUNDLE_IDENTIFIER = top.wangyingbo.www.fmdbDemo;
				PRODUCT_NAME = "$(TARGET_NAME)";
				TARGETED_DEVICE_FAMILY = "1,2";
			};
			name = Debug;
		};
		D1B7C710231DF516003A3BDA /* Release */ = {
			isa = XCBuildConfiguration;
			baseConfigurationReference = 61E81606F1C0903ACC0FD131 /* Pods-fmdbDemo.release.xcconfig */;
			buildSettings = {
				ASSETCATALOG_COMPILER_APPICON_NAME = AppIcon;
				CODE_SIGN_STYLE = Automatic;
				DEVELOPMENT_TEAM = 2T9CHG78WE;
				GCC_PRECOMPILE_PREFIX_HEADER = YES;
				GCC_PREFIX_HEADER = "$(SRCROOT)/fmdbDemo/PrefixHeader.pch";
				INFOPLIST_FILE = fmdbDemo/Info.plist;
				LD_RUNPATH_SEARCH_PATHS = (
					"$(inherited)",
					"@executable_path/Frameworks",
				);
				PRODUCT_BUNDLE_IDENTIFIER = top.wangyingbo.www.fmdbDemo;
				PRODUCT_NAME = "$(TARGET_NAME)";
				TARGETED_DEVICE_FAMILY = "1,2";
			};
			name = Release;
		};
		D1B7C712231DF516003A3BDA /* Debug */ = {
			isa = XCBuildConfiguration;
			baseConfigurationReference = 48B4FBE9A15BFF8D4D395B1C /* Pods-fmdbDemoTests.debug.xcconfig */;
			buildSettings = {
				BUNDLE_LOADER = "$(TEST_HOST)";
				CODE_SIGN_STYLE = Automatic;
				DEVELOPMENT_TEAM = 2T9CHG78WE;
				INFOPLIST_FILE = fmdbDemoTests/Info.plist;
				LD_RUNPATH_SEARCH_PATHS = (
					"$(inherited)",
					"@executable_path/Frameworks",
					"@loader_path/Frameworks",
				);
				PRODUCT_BUNDLE_IDENTIFIER = top.wangyingbo.www.fmdbDemoTests;
				PRODUCT_NAME = "$(TARGET_NAME)";
				TARGETED_DEVICE_FAMILY = "1,2";
				TEST_HOST = "$(BUILT_PRODUCTS_DIR)/fmdbDemo.app/fmdbDemo";
			};
			name = Debug;
		};
		D1B7C713231DF516003A3BDA /* Release */ = {
			isa = XCBuildConfiguration;
			baseConfigurationReference = 8CFAC2C8A4A5185964D60334 /* Pods-fmdbDemoTests.release.xcconfig */;
			buildSettings = {
				BUNDLE_LOADER = "$(TEST_HOST)";
				CODE_SIGN_STYLE = Automatic;
				DEVELOPMENT_TEAM = 2T9CHG78WE;
				INFOPLIST_FILE = fmdbDemoTests/Info.plist;
				LD_RUNPATH_SEARCH_PATHS = (
					"$(inherited)",
					"@executable_path/Frameworks",
					"@loader_path/Frameworks",
				);
				PRODUCT_BUNDLE_IDENTIFIER = top.wangyingbo.www.fmdbDemoTests;
				PRODUCT_NAME = "$(TARGET_NAME)";
				TARGETED_DEVICE_FAMILY = "1,2";
				TEST_HOST = "$(BUILT_PRODUCTS_DIR)/fmdbDemo.app/fmdbDemo";
			};
			name = Release;
		};
		D1B7C715231DF516003A3BDA /* Debug */ = {
			isa = XCBuildConfiguration;
			baseConfigurationReference = B6B9EDB2C5F2A0AEE91DC745 /* Pods-fmdbDemoUITests.debug.xcconfig */;
			buildSettings = {
				CODE_SIGN_STYLE = Automatic;
				DEVELOPMENT_TEAM = 2T9CHG78WE;
				INFOPLIST_FILE = fmdbDemoUITests/Info.plist;
				LD_RUNPATH_SEARCH_PATHS = (
					"$(inherited)",
					"@executable_path/Frameworks",
					"@loader_path/Frameworks",
				);
				PRODUCT_BUNDLE_IDENTIFIER = top.wangyingbo.www.fmdbDemoUITests;
				PRODUCT_NAME = "$(TARGET_NAME)";
				TARGETED_DEVICE_FAMILY = "1,2";
				TEST_TARGET_NAME = fmdbDemo;
			};
			name = Debug;
		};
		D1B7C716231DF516003A3BDA /* Release */ = {
			isa = XCBuildConfiguration;
			baseConfigurationReference = 12D8F557B1A82A3BC773D5A2 /* Pods-fmdbDemoUITests.release.xcconfig */;
			buildSettings = {
				CODE_SIGN_STYLE = Automatic;
				DEVELOPMENT_TEAM = 2T9CHG78WE;
				INFOPLIST_FILE = fmdbDemoUITests/Info.plist;
				LD_RUNPATH_SEARCH_PATHS = (
					"$(inherited)",
					"@executable_path/Frameworks",
					"@loader_path/Frameworks",
				);
				PRODUCT_BUNDLE_IDENTIFIER = top.wangyingbo.www.fmdbDemoUITests;
				PRODUCT_NAME = "$(TARGET_NAME)";
				TARGETED_DEVICE_FAMILY = "1,2";
				TEST_TARGET_NAME = fmdbDemo;
			};
			name = Release;
		};
/* End XCBuildConfiguration section */

/* Begin XCConfigurationList section */
		D1B7C6DD231DF515003A3BDA /* Build configuration list for PBXProject "fmdbDemo" */ = {
			isa = XCConfigurationList;
			buildConfigurations = (
				D1B7C70C231DF516003A3BDA /* Debug */,
				D1B7C70D231DF516003A3BDA /* Release */,
			);
			defaultConfigurationIsVisible = 0;
			defaultConfigurationName = Release;
		};
		D1B7C70E231DF516003A3BDA /* Build configuration list for PBXNativeTarget "fmdbDemo" */ = {
			isa = XCConfigurationList;
			buildConfigurations = (
				D1B7C70F231DF516003A3BDA /* Debug */,
				D1B7C710231DF516003A3BDA /* Release */,
			);
			defaultConfigurationIsVisible = 0;
			defaultConfigurationName = Release;
		};
		D1B7C711231DF516003A3BDA /* Build configuration list for PBXNativeTarget "fmdbDemoTests" */ = {
			isa = XCConfigurationList;
			buildConfigurations = (
				D1B7C712231DF516003A3BDA /* Debug */,
				D1B7C713231DF516003A3BDA /* Release */,
			);
			defaultConfigurationIsVisible = 0;
			defaultConfigurationName = Release;
		};
		D1B7C714231DF516003A3BDA /* Build configuration list for PBXNativeTarget "fmdbDemoUITests" */ = {
			isa = XCConfigurationList;
			buildConfigurations = (
				D1B7C715231DF516003A3BDA /* Debug */,
				D1B7C716231DF516003A3BDA /* Release */,
			);
			defaultConfigurationIsVisible = 0;
			defaultConfigurationName = Release;
		};
/* End XCConfigurationList section */
	};
	rootObject = D1B7C6DA231DF515003A3BDA /* Project object */;
}
